
Microsoft Visual Studio Solution File, Format Version 12.00
# Visual Studio 15
VisualStudioVersion = 15.0.27130.2027
MinimumVisualStudioVersion = 10.0.40219.1
Project("{FAE04EC0-301F-11D3-BF4B-00C04F79EFBC}") = "SiteNoticia", "SiteNoticia\SiteNoticia.csproj", "{DC0D7EAE-D601-443C-B4A8-EA5185903D62}"
EndProject
Global
	GlobalSection(SolutionConfigurationPlatforms) = preSolution
		Debug|Any CPU = Debug|Any CPU
		Release|Any CPU = Release|Any CPU
	EndGlobalSection
	GlobalSection(ProjectConfigurationPlatforms) = postSolution
		{DC0D7EAE-D601-443C-B4A8-EA5185903D62}.Debug|Any CPU.ActiveCfg = Debug|Any CPU
		{DC0D7EAE-D601-443C-B4A8-EA5185903D62}.Debug|Any CPU.Build.0 = Debug|Any CPU
		{DC0D7EAE-D601-443C-B4A8-EA5185903D62}.Release|Any CPU.ActiveCfg = Release|Any CPU
		{DC0D7EAE-D601-443C-B4A8-EA5185903D62}.Release|Any CPU.Build.0 = Release|Any CPU
	EndGlobalSection
	GlobalSection(SolutionProperties) = preSolution
		HideSolutionNode = FALSE
	EndGlobalSection
	GlobalSection(ExtensibilityGlobals) = postSolution
		SolutionGuid = {F2B28B4C-2F37-4624-8FA4-DF6BB78178B1}
	EndGlobalSection
EndGlobal
